
Microsoft Visual Studio Solution File, Format Version 12.00
# Visual Studio Version 16
VisualStudioVersion = 16.0.30204.135
MinimumVisualStudioVersion = 10.0.40219.1
Project("{FAE04EC0-301F-11D3-BF4B-00C04F79EFBC}") = "Wenli.Drive.KafkaTest", "Wenli.Drive.KafkaTest\Wenli.Drive.KafkaTest.csproj", "{D3FB1A66-868C-4CDC-8418-689A7CE060D5}"
EndProject
Project("{FAE04EC0-301F-11D3-BF4B-00C04F79EFBC}") = "Wenli.Data.Kafka", "Wenli.Data.Kafka\Wenli.Data.Kafka.csproj", "{95B3E649-32A9-4666-A9C9-551E5FBAB621}"
EndProject
Global
	GlobalSection(SolutionConfigurationPlatforms) = preSolution
		Debug|Any CPU = Debug|Any CPU
		Release|Any CPU = Release|Any CPU
	EndGlobalSection
	GlobalSection(ProjectConfigurationPlatforms) = postSolution
		{D3FB1A66-868C-4CDC-8418-689A7CE060D5}.Debug|Any CPU.ActiveCfg = Debug|Any CPU
		{D3FB1A66-868C-4CDC-8418-689A7CE060D5}.Debug|Any CPU.Build.0 = Debug|Any CPU
		{D3FB1A66-868C-4CDC-8418-689A7CE060D5}.Release|Any CPU.ActiveCfg = Release|Any CPU
		{D3FB1A66-868C-4CDC-8418-689A7CE060D5}.Release|Any CPU.Build.0 = Release|Any CPU
		{95B3E649-32A9-4666-A9C9-551E5FBAB621}.Debug|Any CPU.ActiveCfg = Debug|Any CPU
		{95B3E649-32A9-4666-A9C9-551E5FBAB621}.Debug|Any CPU.Build.0 = Debug|Any CPU
		{95B3E649-32A9-4666-A9C9-551E5FBAB621}.Release|Any CPU.ActiveCfg = Release|Any CPU
		{95B3E649-32A9-4666-A9C9-551E5FBAB621}.Release|Any CPU.Build.0 = Release|Any CPU
	EndGlobalSection
	GlobalSection(SolutionProperties) = preSolution
		HideSolutionNode = FALSE
	EndGlobalSection
	GlobalSection(ExtensibilityGlobals) = postSolution
		SolutionGuid = {F2DD413E-F0DE-4432-B244-775323555B8F}
	EndGlobalSection
EndGlobal
